
Microsoft Visual Studio Solution File, Format Version 12.00
# Visual Studio Version 16
VisualStudioVersion = 16.0.28922.388
MinimumVisualStudioVersion = 10.0.40219.1
Project("{2150E333-8FDC-42A3-9474-1A3956D46DE8}") = "src", "src", "{4150F0AE-8FCB-4464-BB35-E717DF999697}"
EndProject
Project("{2150E333-8FDC-42A3-9474-1A3956D46DE8}") = "test", "test", "{8CBCB0F8-C139-4191-9CBF-B8DF816696F9}"
EndProject
Project("{9A19103F-16F7-4668-BE54-9A1E7A4F7556}") = "BlackCountryBot.IntegrationTests", "test\BlackCountryBot.IntegrationTests\BlackCountryBot.IntegrationTests.csproj", "{DA691E7B-28CA-42F9-BA3F-07E2EC3BD4C6}"
EndProject
Project("{9A19103F-16F7-4668-BE54-9A1E7A4F7556}") = "BlackCountryBot.Core", "src\BlackCountryBot.Core\BlackCountryBot.Core.csproj", "{F61FD1D4-9299-4381-8918-E1BFD216139C}"
EndProject
Project("{9A19103F-16F7-4668-BE54-9A1E7A4F7556}") = "BlackCountryBot.Web", "src\BlackCountryBot.Web\BlackCountryBot.Web.csproj", "{B053B7D4-01BD-4C50-8268-3072A96DC795}"
EndProject
Project("{2150E333-8FDC-42A3-9474-1A3956D46DE8}") = "Solution Items", "Solution Items", "{B8FE66BF-D1A9-480C-81B8-F1A39173499D}"
	ProjectSection(SolutionItems) = preProject
		.dockerignore = .dockerignore
		.gitattributes = .gitattributes
		.gitignore = .gitignore
		Dockerfile = Dockerfile
	EndProjectSection
EndProject
Project("{E53339B2-1760-4266-BCC7-CA923CBCF16C}") = "docker-compose", "docker-compose.dcproj", "{67F976BE-429C-4086-830B-4B182689E3EE}"
EndProject
Project("{E53339B2-1760-4266-BCC7-CA923CBCF16C}") = "docker-compose -tests", "docker-compose -tests.dcproj", "{24EC95B8-7D97-4193-B1A0-8510236F760A}"
EndProject
Global
	GlobalSection(SolutionConfigurationPlatforms) = preSolution
		Debug|Any CPU = Debug|Any CPU
		Release|Any CPU = Release|Any CPU
	EndGlobalSection
	GlobalSection(ProjectConfigurationPlatforms) = postSolution
		{DA691E7B-28CA-42F9-BA3F-07E2EC3BD4C6}.Debug|Any CPU.ActiveCfg = Debug|Any CPU
		{DA691E7B-28CA-42F9-BA3F-07E2EC3BD4C6}.Debug|Any CPU.Build.0 = Debug|Any CPU
		{DA691E7B-28CA-42F9-BA3F-07E2EC3BD4C6}.Release|Any CPU.ActiveCfg = Release|Any CPU
		{DA691E7B-28CA-42F9-BA3F-07E2EC3BD4C6}.Release|Any CPU.Build.0 = Release|Any CPU
		{F61FD1D4-9299-4381-8918-E1BFD216139C}.Debug|Any CPU.ActiveCfg = Debug|Any CPU
		{F61FD1D4-9299-4381-8918-E1BFD216139C}.Debug|Any CPU.Build.0 = Debug|Any CPU
		{F61FD1D4-9299-4381-8918-E1BFD216139C}.Release|Any CPU.ActiveCfg = Release|Any CPU
		{F61FD1D4-9299-4381-8918-E1BFD216139C}.Release|Any CPU.Build.0 = Release|Any CPU
		{B053B7D4-01BD-4C50-8268-3072A96DC795}.Debug|Any CPU.ActiveCfg = Debug|Any CPU
		{B053B7D4-01BD-4C50-8268-3072A96DC795}.Debug|Any CPU.Build.0 = Debug|Any CPU
		{B053B7D4-01BD-4C50-8268-3072A96DC795}.Release|Any CPU.ActiveCfg = Release|Any CPU
		{B053B7D4-01BD-4C50-8268-3072A96DC795}.Release|Any CPU.Build.0 = Release|Any CPU
		{67F976BE-429C-4086-830B-4B182689E3EE}.Debug|Any CPU.ActiveCfg = Debug|Any CPU
		{67F976BE-429C-4086-830B-4B182689E3EE}.Release|Any CPU.ActiveCfg = Release|Any CPU
		{67F976BE-429C-4086-830B-4B182689E3EE}.Release|Any CPU.Build.0 = Release|Any CPU
		{24EC95B8-7D97-4193-B1A0-8510236F760A}.Debug|Any CPU.ActiveCfg = Debug|Any CPU
		{24EC95B8-7D97-4193-B1A0-8510236F760A}.Release|Any CPU.ActiveCfg = Release|Any CPU
		{24EC95B8-7D97-4193-B1A0-8510236F760A}.Release|Any CPU.Build.0 = Release|Any CPU
	EndGlobalSection
	GlobalSection(SolutionProperties) = preSolution
		HideSolutionNode = FALSE
	EndGlobalSection
	GlobalSection(NestedProjects) = preSolution
		{DA691E7B-28CA-42F9-BA3F-07E2EC3BD4C6} = {8CBCB0F8-C139-4191-9CBF-B8DF816696F9}
		{F61FD1D4-9299-4381-8918-E1BFD216139C} = {4150F0AE-8FCB-4464-BB35-E717DF999697}
		{B053B7D4-01BD-4C50-8268-3072A96DC795} = {4150F0AE-8FCB-4464-BB35-E717DF999697}
	EndGlobalSection
	GlobalSection(ExtensibilityGlobals) = postSolution
		SolutionGuid = {F68A878F-A54D-4C0F-92E5-986F0604F40B}
	EndGlobalSection
EndGlobal
