
Microsoft Visual Studio Solution File, Format Version 12.00
# Visual Studio Version 16
VisualStudioVersion = 16.0.28922.388
MinimumVisualStudioVersion = 10.0.40219.1
Project("{2150E333-8FDC-42A3-9474-1A3956D46DE8}") = "src", "src", "{4150F0AE-8FCB-4464-BB35-E717DF999697}"
EndProject
Project("{2150E333-8FDC-42A3-9474-1A3956D46DE8}") = "test", "test", "{8CBCB0F8-C139-4191-9CBF-B8DF816696F9}"
EndProject
Project("{9A19103F-16F7-4668-BE54-9A1E7A4F7556}") = "BlackCountryBot.IntegrationTests", "test\BlackCountryBot.IntegrationTests\BlackCountryBot.IntegrationTests.csproj", "{DA691E7B-28CA-42F9-BA3F-07E2EC3BD4C6}"
EndProject
Project("{9A19103F-16F7-4668-BE54-9A1E7A4F7556}") = "BlackCountryBot.Web", "src\BlackCountryBot.Web\BlackCountryBot.Web.csproj", "{B053B7D4-01BD-4C50-8268-3072A96DC795}"
EndProject
Project("{2150E333-8FDC-42A3-9474-1A3956D46DE8}") = "Solution Items", "Solution Items", "{B8FE66BF-D1A9-480C-81B8-F1A39173499D}"
	ProjectSection(SolutionItems) = preProject
		.dockerignore = .dockerignore
		.gitattributes = .gitattributes
		.gitignore = .gitignore
		blackcountrybot.Development.yml = blackcountrybot.Development.yml
		blackcountrybot.yml = blackcountrybot.yml
		Dockerfile = Dockerfile
		GitVerson.yml = GitVerson.yml
	EndProjectSection
EndProject
Project("{9A19103F-16F7-4668-BE54-9A1E7A4F7556}") = "BlackCountryBot.Tweet.Container", "src\BlackCountryBot.Tweet.Container\BlackCountryBot.Tweet.Container.csproj", "{70EF146A-BBEC-40E3-80B6-24C740488A5F}"
EndProject
Project("{9A19103F-16F7-4668-BE54-9A1E7A4F7556}") = "BlackCountryBot.Tweet", "src\BlackCountryBot.Tweet.Container\BlackCountryBot.Tweet\BlackCountryBot.Tweet.csproj", "{19899BCF-714C-4319-85A9-AE127ED6F690}"
EndProject
Project("{9A19103F-16F7-4668-BE54-9A1E7A4F7556}") = "BlackCountryBot.Core", "src\BlackCountryBot.Tweet.Container\BlackCountryBot.Core\BlackCountryBot.Core.csproj", "{FD12F2ED-777B-484E-8D84-660DE766188E}"
EndProject
Global
	GlobalSection(SolutionConfigurationPlatforms) = preSolution
		Debug|Any CPU = Debug|Any CPU
		Release|Any CPU = Release|Any CPU
	EndGlobalSection
	GlobalSection(ProjectConfigurationPlatforms) = postSolution
		{DA691E7B-28CA-42F9-BA3F-07E2EC3BD4C6}.Debug|Any CPU.ActiveCfg = Debug|Any CPU
		{DA691E7B-28CA-42F9-BA3F-07E2EC3BD4C6}.Debug|Any CPU.Build.0 = Debug|Any CPU
		{DA691E7B-28CA-42F9-BA3F-07E2EC3BD4C6}.Release|Any CPU.ActiveCfg = Release|Any CPU
		{DA691E7B-28CA-42F9-BA3F-07E2EC3BD4C6}.Release|Any CPU.Build.0 = Release|Any CPU
		{B053B7D4-01BD-4C50-8268-3072A96DC795}.Debug|Any CPU.ActiveCfg = Debug|Any CPU
		{B053B7D4-01BD-4C50-8268-3072A96DC795}.Debug|Any CPU.Build.0 = Debug|Any CPU
		{B053B7D4-01BD-4C50-8268-3072A96DC795}.Release|Any CPU.ActiveCfg = Release|Any CPU
		{B053B7D4-01BD-4C50-8268-3072A96DC795}.Release|Any CPU.Build.0 = Release|Any CPU
		{70EF146A-BBEC-40E3-80B6-24C740488A5F}.Debug|Any CPU.ActiveCfg = Debug|Any CPU
		{70EF146A-BBEC-40E3-80B6-24C740488A5F}.Debug|Any CPU.Build.0 = Debug|Any CPU
		{70EF146A-BBEC-40E3-80B6-24C740488A5F}.Release|Any CPU.ActiveCfg = Release|Any CPU
		{70EF146A-BBEC-40E3-80B6-24C740488A5F}.Release|Any CPU.Build.0 = Release|Any CPU
		{19899BCF-714C-4319-85A9-AE127ED6F690}.Debug|Any CPU.ActiveCfg = Debug|Any CPU
		{19899BCF-714C-4319-85A9-AE127ED6F690}.Debug|Any CPU.Build.0 = Debug|Any CPU
		{19899BCF-714C-4319-85A9-AE127ED6F690}.Release|Any CPU.ActiveCfg = Release|Any CPU
		{19899BCF-714C-4319-85A9-AE127ED6F690}.Release|Any CPU.Build.0 = Release|Any CPU
		{FD12F2ED-777B-484E-8D84-660DE766188E}.Debug|Any CPU.ActiveCfg = Debug|Any CPU
		{FD12F2ED-777B-484E-8D84-660DE766188E}.Debug|Any CPU.Build.0 = Debug|Any CPU
		{FD12F2ED-777B-484E-8D84-660DE766188E}.Release|Any CPU.ActiveCfg = Release|Any CPU
		{FD12F2ED-777B-484E-8D84-660DE766188E}.Release|Any CPU.Build.0 = Release|Any CPU
	EndGlobalSection
	GlobalSection(SolutionProperties) = preSolution
		HideSolutionNode = FALSE
	EndGlobalSection
	GlobalSection(NestedProjects) = preSolution
		{DA691E7B-28CA-42F9-BA3F-07E2EC3BD4C6} = {8CBCB0F8-C139-4191-9CBF-B8DF816696F9}
		{B053B7D4-01BD-4C50-8268-3072A96DC795} = {4150F0AE-8FCB-4464-BB35-E717DF999697}
		{70EF146A-BBEC-40E3-80B6-24C740488A5F} = {4150F0AE-8FCB-4464-BB35-E717DF999697}
		{19899BCF-714C-4319-85A9-AE127ED6F690} = {4150F0AE-8FCB-4464-BB35-E717DF999697}
		{FD12F2ED-777B-484E-8D84-660DE766188E} = {4150F0AE-8FCB-4464-BB35-E717DF999697}
	EndGlobalSection
	GlobalSection(ExtensibilityGlobals) = postSolution
		SolutionGuid = {F68A878F-A54D-4C0F-92E5-986F0604F40B}
	EndGlobalSection
EndGlobal
